
Microsoft Visual Studio Solution File, Format Version 12.00
# Visual Studio Version 17
VisualStudioVersion = 17.14.36121.58 d17.14
MinimumVisualStudioVersion = 10.0.40219.1
Project("{FAE04EC0-301F-11D3-BF4B-00C04F79EFBC}") = "MuniciTrack", "MuniciTrack\MuniciTrack.csproj", "{80899951-05E1-48B8-8EDE-93E7FEF2B32B}"
EndProject
Global
	GlobalSection(SolutionConfigurationPlatforms) = preSolution
		Debug|Any CPU = Debug|Any CPU
		Release|Any CPU = Release|Any CPU
	EndGlobalSection
	GlobalSection(ProjectConfigurationPlatforms) = postSolution
		{80899951-05E1-48B8-8EDE-93E7FEF2B32B}.Debug|Any CPU.ActiveCfg = Debug|Any CPU
		{80899951-05E1-48B8-8EDE-93E7FEF2B32B}.Debug|Any CPU.Build.0 = Debug|Any CPU
		{80899951-05E1-48B8-8EDE-93E7FEF2B32B}.Release|Any CPU.ActiveCfg = Release|Any CPU
		{80899951-05E1-48B8-8EDE-93E7FEF2B32B}.Release|Any CPU.Build.0 = Release|Any CPU
	EndGlobalSection
	GlobalSection(SolutionProperties) = preSolution
		HideSolutionNode = FALSE
	EndGlobalSection
	GlobalSection(ExtensibilityGlobals) = postSolution
		SolutionGuid = {9EEFC613-3088-4ECB-B7BD-01C638FE33EE}
	EndGlobalSection
EndGlobal
